
Microsoft Visual Studio Solution File, Format Version 12.00
# Visual Studio 15
VisualStudioVersion = 15.0.28010.2050
MinimumVisualStudioVersion = 10.0.40219.1
Project("{FAE04EC0-301F-11D3-BF4B-00C04F79EFBC}") = "MulFrom_Txtbox", "MulFrom_Txtbox\MulFrom_Txtbox.csproj", "{78928471-EFFD-4E7A-BFA7-294FCA1DBA3B}"
EndProject
Global
	GlobalSection(SolutionConfigurationPlatforms) = preSolution
		Debug|Any CPU = Debug|Any CPU
		Release|Any CPU = Release|Any CPU
	EndGlobalSection
	GlobalSection(ProjectConfigurationPlatforms) = postSolution
		{78928471-EFFD-4E7A-BFA7-294FCA1DBA3B}.Debug|Any CPU.ActiveCfg = Debug|Any CPU
		{78928471-EFFD-4E7A-BFA7-294FCA1DBA3B}.Debug|Any CPU.Build.0 = Debug|Any CPU
		{78928471-EFFD-4E7A-BFA7-294FCA1DBA3B}.Release|Any CPU.ActiveCfg = Release|Any CPU
		{78928471-EFFD-4E7A-BFA7-294FCA1DBA3B}.Release|Any CPU.Build.0 = Release|Any CPU
	EndGlobalSection
	GlobalSection(SolutionProperties) = preSolution
		HideSolutionNode = FALSE
	EndGlobalSection
	GlobalSection(ExtensibilityGlobals) = postSolution
		SolutionGuid = {389F6357-1EF8-45B7-847C-4F92E2860916}
	EndGlobalSection
EndGlobal
