
Microsoft Visual Studio Solution File, Format Version 12.00
# Visual Studio 15
VisualStudioVersion = 15.0.28010.2050
MinimumVisualStudioVersion = 10.0.40219.1
Project("{FAE04EC0-301F-11D3-BF4B-00C04F79EFBC}") = "Egypt_Sieve", "Egypt_Sieve\Egypt_Sieve.csproj", "{8ED784FA-0F1D-4BA9-BE87-155EFA698C7F}"
EndProject
Global
	GlobalSection(SolutionConfigurationPlatforms) = preSolution
		Debug|Any CPU = Debug|Any CPU
		Release|Any CPU = Release|Any CPU
	EndGlobalSection
	GlobalSection(ProjectConfigurationPlatforms) = postSolution
		{8ED784FA-0F1D-4BA9-BE87-155EFA698C7F}.Debug|Any CPU.ActiveCfg = Debug|Any CPU
		{8ED784FA-0F1D-4BA9-BE87-155EFA698C7F}.Debug|Any CPU.Build.0 = Debug|Any CPU
		{8ED784FA-0F1D-4BA9-BE87-155EFA698C7F}.Release|Any CPU.ActiveCfg = Release|Any CPU
		{8ED784FA-0F1D-4BA9-BE87-155EFA698C7F}.Release|Any CPU.Build.0 = Release|Any CPU
	EndGlobalSection
	GlobalSection(SolutionProperties) = preSolution
		HideSolutionNode = FALSE
	EndGlobalSection
	GlobalSection(ExtensibilityGlobals) = postSolution
		SolutionGuid = {8C8D3C5E-A484-4848-956A-CA40CB4D2444}
	EndGlobalSection
EndGlobal
