
Microsoft Visual Studio Solution File, Format Version 12.00
# Visual Studio 15
VisualStudioVersion = 15.0.28010.2050
MinimumVisualStudioVersion = 10.0.40219.1
Project("{FAE04EC0-301F-11D3-BF4B-00C04F79EFBC}") = "Simple_Factory_Pattern", "Simple_Factory_Pattern\Simple_Factory_Pattern.csproj", "{ED45CBF0-1B91-423A-AADF-DEC1D5467674}"
EndProject
Global
	GlobalSection(SolutionConfigurationPlatforms) = preSolution
		Debug|Any CPU = Debug|Any CPU
		Release|Any CPU = Release|Any CPU
	EndGlobalSection
	GlobalSection(ProjectConfigurationPlatforms) = postSolution
		{ED45CBF0-1B91-423A-AADF-DEC1D5467674}.Debug|Any CPU.ActiveCfg = Debug|Any CPU
		{ED45CBF0-1B91-423A-AADF-DEC1D5467674}.Debug|Any CPU.Build.0 = Debug|Any CPU
		{ED45CBF0-1B91-423A-AADF-DEC1D5467674}.Release|Any CPU.ActiveCfg = Release|Any CPU
		{ED45CBF0-1B91-423A-AADF-DEC1D5467674}.Release|Any CPU.Build.0 = Release|Any CPU
	EndGlobalSection
	GlobalSection(SolutionProperties) = preSolution
		HideSolutionNode = FALSE
	EndGlobalSection
	GlobalSection(ExtensibilityGlobals) = postSolution
		SolutionGuid = {2A791096-EFD3-4EAC-863B-0ED138FB7249}
	EndGlobalSection
EndGlobal
